{
  "version": 4,
  "terraform_version": "1.4.6",
  "serial": 16,
  "lineage": "4795a022-a468-cbfc-4cbd-bc5941d38e84",
  "outputs": {
    "envs": {
      "value": {
        "DB_HOST": "arn:aws:secretsmanager:us-east-1:471528030347:secret:DB_HOST-lP6nId",
        "DEBUG": "arn:aws:secretsmanager:us-east-1:471528030347:secret:DEBUG-MPgH5e",
        "POSTGRES_DB": "arn:aws:secretsmanager:us-east-1:471528030347:secret:POSTGRES_DB-StcXi3",
        "POSTGRES_PASSWORD": "arn:aws:secretsmanager:us-east-1:471528030347:secret:POSTGRES_PASSWORD-INXQOc",
        "POSTGRES_PORT": "arn:aws:secretsmanager:us-east-1:471528030347:secret:POSTGRES_PORT-rajUro",
        "POSTGRES_USER": "arn:aws:secretsmanager:us-east-1:471528030347:secret:POSTGRES_USER-BRkrwf",
        "SECRET_KEY": "arn:aws:secretsmanager:us-east-1:471528030347:secret:SECRET_KEY-TNU4ld"
      },
      "type": [
        "object",
        {
          "DB_HOST": "string",
          "DEBUG": "string",
          "POSTGRES_DB": "string",
          "POSTGRES_PASSWORD": "string",
          "POSTGRES_PORT": "string",
          "POSTGRES_USER": "string",
          "SECRET_KEY": "string"
        }
      ]
    }
  },
  "resources": [
    {
      "mode": "managed",
      "type": "aws_secretsmanager_secret",
      "name": "secrets",
      "provider": "provider[\"registry.terraform.io/hashicorp/aws\"]",
      "instances": [
        {
          "index_key": "DB_HOST",
          "schema_version": 0,
          "attributes": {
            "arn": "arn:aws:secretsmanager:us-east-1:471528030347:secret:DB_HOST-lP6nId",
            "description": "",
            "force_overwrite_replica_secret": false,
            "id": "arn:aws:secretsmanager:us-east-1:471528030347:secret:DB_HOST-lP6nId",
            "kms_key_id": "",
            "name": "DB_HOST",
            "name_prefix": "",
            "policy": "",
            "recovery_window_in_days": 30,
            "replica": [],
            "tags": {},
            "tags_all": {}
          },
          "sensitive_attributes": [],
          "private": "bnVsbA=="
        },
        {
          "index_key": "DEBUG",
          "schema_version": 0,
          "attributes": {
            "arn": "arn:aws:secretsmanager:us-east-1:471528030347:secret:DEBUG-MPgH5e",
            "description": "",
            "force_overwrite_replica_secret": false,
            "id": "arn:aws:secretsmanager:us-east-1:471528030347:secret:DEBUG-MPgH5e",
            "kms_key_id": "",
            "name": "DEBUG",
            "name_prefix": "",
            "policy": "",
            "recovery_window_in_days": 30,
            "replica": [],
            "tags": {},
            "tags_all": {}
          },
          "sensitive_attributes": [],
          "private": "bnVsbA=="
        },
        {
          "index_key": "POSTGRES_DB",
          "schema_version": 0,
          "attributes": {
            "arn": "arn:aws:secretsmanager:us-east-1:471528030347:secret:POSTGRES_DB-StcXi3",
            "description": "",
            "force_overwrite_replica_secret": false,
            "id": "arn:aws:secretsmanager:us-east-1:471528030347:secret:POSTGRES_DB-StcXi3",
            "kms_key_id": "",
            "name": "POSTGRES_DB",
            "name_prefix": "",
            "policy": "",
            "recovery_window_in_days": 30,
            "replica": [],
            "tags": {},
            "tags_all": {}
          },
          "sensitive_attributes": [],
          "private": "bnVsbA=="
        },
        {
          "index_key": "POSTGRES_PASSWORD",
          "schema_version": 0,
          "attributes": {
            "arn": "arn:aws:secretsmanager:us-east-1:471528030347:secret:POSTGRES_PASSWORD-INXQOc",
            "description": "",
            "force_overwrite_replica_secret": false,
            "id": "arn:aws:secretsmanager:us-east-1:471528030347:secret:POSTGRES_PASSWORD-INXQOc",
            "kms_key_id": "",
            "name": "POSTGRES_PASSWORD",
            "name_prefix": "",
            "policy": "",
            "recovery_window_in_days": 30,
            "replica": [],
            "tags": {},
            "tags_all": {}
          },
          "sensitive_attributes": [],
          "private": "bnVsbA=="
        },
        {
          "index_key": "POSTGRES_PORT",
          "schema_version": 0,
          "attributes": {
            "arn": "arn:aws:secretsmanager:us-east-1:471528030347:secret:POSTGRES_PORT-rajUro",
            "description": "",
            "force_overwrite_replica_secret": false,
            "id": "arn:aws:secretsmanager:us-east-1:471528030347:secret:POSTGRES_PORT-rajUro",
            "kms_key_id": "",
            "name": "POSTGRES_PORT",
            "name_prefix": "",
            "policy": "",
            "recovery_window_in_days": 30,
            "replica": [],
            "tags": {},
            "tags_all": {}
          },
          "sensitive_attributes": [],
          "private": "bnVsbA=="
        },
        {
          "index_key": "POSTGRES_USER",
          "schema_version": 0,
          "attributes": {
            "arn": "arn:aws:secretsmanager:us-east-1:471528030347:secret:POSTGRES_USER-BRkrwf",
            "description": "",
            "force_overwrite_replica_secret": false,
            "id": "arn:aws:secretsmanager:us-east-1:471528030347:secret:POSTGRES_USER-BRkrwf",
            "kms_key_id": "",
            "name": "POSTGRES_USER",
            "name_prefix": "",
            "policy": "",
            "recovery_window_in_days": 30,
            "replica": [],
            "tags": {},
            "tags_all": {}
          },
          "sensitive_attributes": [],
          "private": "bnVsbA=="
        },
        {
          "index_key": "SECRET_KEY",
          "schema_version": 0,
          "attributes": {
            "arn": "arn:aws:secretsmanager:us-east-1:471528030347:secret:SECRET_KEY-TNU4ld",
            "description": "",
            "force_overwrite_replica_secret": false,
            "id": "arn:aws:secretsmanager:us-east-1:471528030347:secret:SECRET_KEY-TNU4ld",
            "kms_key_id": "",
            "name": "SECRET_KEY",
            "name_prefix": "",
            "policy": "",
            "recovery_window_in_days": 30,
            "replica": [],
            "tags": {},
            "tags_all": {}
          },
          "sensitive_attributes": [],
          "private": "bnVsbA=="
        }
      ]
    },
    {
      "mode": "managed",
      "type": "aws_secretsmanager_secret_version",
      "name": "secrets",
      "provider": "provider[\"registry.terraform.io/hashicorp/aws\"]",
      "instances": [
        {
          "index_key": "DB_HOST",
          "schema_version": 0,
          "attributes": {
            "arn": "arn:aws:secretsmanager:us-east-1:471528030347:secret:DB_HOST-lP6nId",
            "id": "arn:aws:secretsmanager:us-east-1:471528030347:secret:DB_HOST-lP6nId|C8DE3F90-4693-4398-B725-21F78C70EF7A",
            "secret_binary": "",
            "secret_id": "arn:aws:secretsmanager:us-east-1:471528030347:secret:DB_HOST-lP6nId",
            "secret_string": "db",
            "version_id": "C8DE3F90-4693-4398-B725-21F78C70EF7A",
            "version_stages": [
              "AWSCURRENT"
            ]
          },
          "sensitive_attributes": [
            [
              {
                "type": "get_attr",
                "value": "secret_string"
              }
            ]
          ],
          "private": "bnVsbA==",
          "dependencies": [
            "aws_secretsmanager_secret.secrets"
          ]
        },
        {
          "index_key": "DEBUG",
          "schema_version": 0,
          "attributes": {
            "arn": "arn:aws:secretsmanager:us-east-1:471528030347:secret:DEBUG-MPgH5e",
            "id": "arn:aws:secretsmanager:us-east-1:471528030347:secret:DEBUG-MPgH5e|CF8EAD6C-3AF5-42D9-AB86-852A15A96060",
            "secret_binary": "",
            "secret_id": "arn:aws:secretsmanager:us-east-1:471528030347:secret:DEBUG-MPgH5e",
            "secret_string": "True",
            "version_id": "CF8EAD6C-3AF5-42D9-AB86-852A15A96060",
            "version_stages": [
              "AWSCURRENT"
            ]
          },
          "sensitive_attributes": [
            [
              {
                "type": "get_attr",
                "value": "secret_string"
              }
            ]
          ],
          "private": "bnVsbA==",
          "dependencies": [
            "aws_secretsmanager_secret.secrets"
          ]
        },
        {
          "index_key": "POSTGRES_DB",
          "schema_version": 0,
          "attributes": {
            "arn": "arn:aws:secretsmanager:us-east-1:471528030347:secret:POSTGRES_DB-StcXi3",
            "id": "arn:aws:secretsmanager:us-east-1:471528030347:secret:POSTGRES_DB-StcXi3|D0F74353-86A8-41BB-A27D-4E2217AE6073",
            "secret_binary": "",
            "secret_id": "arn:aws:secretsmanager:us-east-1:471528030347:secret:POSTGRES_DB-StcXi3",
            "secret_string": "mydatabase",
            "version_id": "D0F74353-86A8-41BB-A27D-4E2217AE6073",
            "version_stages": [
              "AWSCURRENT"
            ]
          },
          "sensitive_attributes": [
            [
              {
                "type": "get_attr",
                "value": "secret_string"
              }
            ]
          ],
          "private": "bnVsbA==",
          "dependencies": [
            "aws_secretsmanager_secret.secrets"
          ]
        },
        {
          "index_key": "POSTGRES_PASSWORD",
          "schema_version": 0,
          "attributes": {
            "arn": "arn:aws:secretsmanager:us-east-1:471528030347:secret:POSTGRES_PASSWORD-INXQOc",
            "id": "arn:aws:secretsmanager:us-east-1:471528030347:secret:POSTGRES_PASSWORD-INXQOc|31854A2C-0C0E-4243-A442-858CF7862C68",
            "secret_binary": "",
            "secret_id": "arn:aws:secretsmanager:us-east-1:471528030347:secret:POSTGRES_PASSWORD-INXQOc",
            "secret_string": "mypassword",
            "version_id": "31854A2C-0C0E-4243-A442-858CF7862C68",
            "version_stages": [
              "AWSCURRENT"
            ]
          },
          "sensitive_attributes": [
            [
              {
                "type": "get_attr",
                "value": "secret_string"
              }
            ]
          ],
          "private": "bnVsbA==",
          "dependencies": [
            "aws_secretsmanager_secret.secrets"
          ]
        },
        {
          "index_key": "POSTGRES_PORT",
          "schema_version": 0,
          "attributes": {
            "arn": "arn:aws:secretsmanager:us-east-1:471528030347:secret:POSTGRES_PORT-rajUro",
            "id": "arn:aws:secretsmanager:us-east-1:471528030347:secret:POSTGRES_PORT-rajUro|D602E806-B8DE-4F60-9B36-381CF3CF25E4",
            "secret_binary": "",
            "secret_id": "arn:aws:secretsmanager:us-east-1:471528030347:secret:POSTGRES_PORT-rajUro",
            "secret_string": "5432",
            "version_id": "D602E806-B8DE-4F60-9B36-381CF3CF25E4",
            "version_stages": [
              "AWSCURRENT"
            ]
          },
          "sensitive_attributes": [
            [
              {
                "type": "get_attr",
                "value": "secret_string"
              }
            ]
          ],
          "private": "bnVsbA==",
          "dependencies": [
            "aws_secretsmanager_secret.secrets"
          ]
        },
        {
          "index_key": "POSTGRES_USER",
          "schema_version": 0,
          "attributes": {
            "arn": "arn:aws:secretsmanager:us-east-1:471528030347:secret:POSTGRES_USER-BRkrwf",
            "id": "arn:aws:secretsmanager:us-east-1:471528030347:secret:POSTGRES_USER-BRkrwf|CC14B039-F6AA-450F-AFE8-5E307B50896D",
            "secret_binary": "",
            "secret_id": "arn:aws:secretsmanager:us-east-1:471528030347:secret:POSTGRES_USER-BRkrwf",
            "secret_string": "mydatabaseuser",
            "version_id": "CC14B039-F6AA-450F-AFE8-5E307B50896D",
            "version_stages": [
              "AWSCURRENT"
            ]
          },
          "sensitive_attributes": [
            [
              {
                "type": "get_attr",
                "value": "secret_string"
              }
            ]
          ],
          "private": "bnVsbA==",
          "dependencies": [
            "aws_secretsmanager_secret.secrets"
          ]
        },
        {
          "index_key": "SECRET_KEY",
          "schema_version": 0,
          "attributes": {
            "arn": "arn:aws:secretsmanager:us-east-1:471528030347:secret:SECRET_KEY-TNU4ld",
            "id": "arn:aws:secretsmanager:us-east-1:471528030347:secret:SECRET_KEY-TNU4ld|817B4DAA-E180-49E8-AB62-AA192F05DEC3",
            "secret_binary": "",
            "secret_id": "arn:aws:secretsmanager:us-east-1:471528030347:secret:SECRET_KEY-TNU4ld",
            "secret_string": "mysecretkey",
            "version_id": "817B4DAA-E180-49E8-AB62-AA192F05DEC3",
            "version_stages": [
              "AWSCURRENT"
            ]
          },
          "sensitive_attributes": [
            [
              {
                "type": "get_attr",
                "value": "secret_string"
              }
            ]
          ],
          "private": "bnVsbA==",
          "dependencies": [
            "aws_secretsmanager_secret.secrets"
          ]
        }
      ]
    }
  ],
  "check_results": null
}
